
Microsoft Visual Studio Solution File, Format Version 12.00
# Visual Studio 15
VisualStudioVersion = 15.0.28010.2050
MinimumVisualStudioVersion = 10.0.40219.1
Project("{9A19103F-16F7-4668-BE54-9A1E7A4F7556}") = "UtilityLibrary", "UtilityLibrary\UtilityLibrary.csproj", "{B0558DDB-9DCE-4148-A3C2-41ECA6E61D6F}"
EndProject
Project("{9A19103F-16F7-4668-BE54-9A1E7A4F7556}") = "ClubManager.Data", "ClubManager.Data\ClubManager.Data.csproj", "{84FF53E7-9189-41E8-A6AF-939456FE6CD5}"
EndProject
Project("{FAE04EC0-301F-11D3-BF4B-00C04F79EFBC}") = "ClubManager.Web", "ClubManager.Web\ClubManager.Web.csproj", "{9BABC2A9-DBD4-4F29-BA0B-2927271EFA58}"
EndProject
Global
	GlobalSection(SolutionConfigurationPlatforms) = preSolution
		Debug|Any CPU = Debug|Any CPU
		Release|Any CPU = Release|Any CPU
	EndGlobalSection
	GlobalSection(ProjectConfigurationPlatforms) = postSolution
		{B0558DDB-9DCE-4148-A3C2-41ECA6E61D6F}.Debug|Any CPU.ActiveCfg = Debug|Any CPU
		{B0558DDB-9DCE-4148-A3C2-41ECA6E61D6F}.Debug|Any CPU.Build.0 = Debug|Any CPU
		{B0558DDB-9DCE-4148-A3C2-41ECA6E61D6F}.Release|Any CPU.ActiveCfg = Release|Any CPU
		{B0558DDB-9DCE-4148-A3C2-41ECA6E61D6F}.Release|Any CPU.Build.0 = Release|Any CPU
		{84FF53E7-9189-41E8-A6AF-939456FE6CD5}.Debug|Any CPU.ActiveCfg = Debug|Any CPU
		{84FF53E7-9189-41E8-A6AF-939456FE6CD5}.Debug|Any CPU.Build.0 = Debug|Any CPU
		{84FF53E7-9189-41E8-A6AF-939456FE6CD5}.Release|Any CPU.ActiveCfg = Release|Any CPU
		{84FF53E7-9189-41E8-A6AF-939456FE6CD5}.Release|Any CPU.Build.0 = Release|Any CPU
		{9BABC2A9-DBD4-4F29-BA0B-2927271EFA58}.Debug|Any CPU.ActiveCfg = Debug|Any CPU
		{9BABC2A9-DBD4-4F29-BA0B-2927271EFA58}.Debug|Any CPU.Build.0 = Debug|Any CPU
		{9BABC2A9-DBD4-4F29-BA0B-2927271EFA58}.Release|Any CPU.ActiveCfg = Release|Any CPU
		{9BABC2A9-DBD4-4F29-BA0B-2927271EFA58}.Release|Any CPU.Build.0 = Release|Any CPU
	EndGlobalSection
	GlobalSection(SolutionProperties) = preSolution
		HideSolutionNode = FALSE
	EndGlobalSection
	GlobalSection(ExtensibilityGlobals) = postSolution
		SolutionGuid = {55895C32-5633-4413-BDF0-AB3B835E7846}
	EndGlobalSection
EndGlobal
